// !$*UTF8*$!
{
	archiveVersion = 1;
	classes = {
	};
	objectVersion = 50;
	objects = {

/* Begin PBXBuildFile section */
		908044B1219D43D80034A10A /* AppDelegate.m in Sources */ = {isa = PBXBuildFile; fileRef = 908044B0219D43D80034A10A /* AppDelegate.m */; };
		908044B4219D43D80034A10A /* ViewController.m in Sources */ = {isa = PBXBuildFile; fileRef = 908044B3219D43D80034A10A /* ViewController.m */; };
		908044B7219D43D80034A10A /* Main.storyboard in Resources */ = {isa = PBXBuildFile; fileRef = 908044B5219D43D80034A10A /* Main.storyboard */; };
		908044B9219D43DD0034A10A /* Assets.xcassets in Resources */ = {isa = PBXBuildFile; fileRef = 908044B8219D43DD0034A10A /* Assets.xcassets */; };
		908044BC219D43DD0034A10A /* LaunchScreen.storyboard in Resources */ = {isa = PBXBuildFile; fileRef = 908044BA219D43DD0034A10A /* LaunchScreen.storyboard */; };
		908044BF219D43DD0034A10A /* main.m in Sources */ = {isa = PBXBuildFile; fileRef = 908044BE219D43DD0034A10A /* main.m */; };
		908044C9219D43DD0034A10A /* iosAppTests.m in Sources */ = {isa = PBXBuildFile; fileRef = 908044C8219D43DD0034A10A /* iosAppTests.m */; };
		908044D4219D43DD0034A10A /* iosAppUITests.m in Sources */ = {isa = PBXBuildFile; fileRef = 908044D3219D43DD0034A10A /* iosAppUITests.m */; };
/* End PBXBuildFile section */

/* Begin PBXContainerItemProxy section */
		908044C5219D43DD0034A10A /* PBXContainerItemProxy */ = {
			isa = PBXContainerItemProxy;
			containerPortal = 908044A4219D43D80034A10A /* Project object */;
			proxyType = 1;
			remoteGlobalIDString = 908044AB219D43D80034A10A;
			remoteInfo = iosApp;
		};
		908044D0219D43DD0034A10A /* PBXContainerItemProxy */ = {
			isa = PBXContainerItemProxy;
			containerPortal = 908044A4219D43D80034A10A /* Project object */;
			proxyType = 1;
			remoteGlobalIDString = 908044AB219D43D80034A10A;
			remoteInfo = iosApp;
		};
/* End PBXContainerItemProxy section */

/* Begin PBXFileReference section */
		908044AC219D43D80034A10A /* iosApp.app */ = {isa = PBXFileReference; explicitFileType = wrapper.application; includeInIndex = 0; path = iosApp.app; sourceTree = BUILT_PRODUCTS_DIR; };
		908044AF219D43D80034A10A /* AppDelegate.h */ = {isa = PBXFileReference; lastKnownFileType = sourcecode.c.h; path = AppDelegate.h; sourceTree = "<group>"; };
		908044B0219D43D80034A10A /* AppDelegate.m */ = {isa = PBXFileReference; lastKnownFileType = sourcecode.c.objc; path = AppDelegate.m; sourceTree = "<group>"; };
		908044B2219D43D80034A10A /* ViewController.h */ = {isa = PBXFileReference; lastKnownFileType = sourcecode.c.h; path = ViewController.h; sourceTree = "<group>"; };
		908044B3219D43D80034A10A /* ViewController.m */ = {isa = PBXFileReference; lastKnownFileType = sourcecode.c.objc; path = ViewController.m; sourceTree = "<group>"; };
		908044B6219D43D80034A10A /* Base */ = {isa = PBXFileReference; lastKnownFileType = file.storyboard; name = Base; path = Base.lproj/Main.storyboard; sourceTree = "<group>"; };
		908044B8219D43DD0034A10A /* Assets.xcassets */ = {isa = PBXFileReference; lastKnownFileType = folder.assetcatalog; path = Assets.xcassets; sourceTree = "<group>"; };
		908044BB219D43DD0034A10A /* Base */ = {isa = PBXFileReference; lastKnownFileType = file.storyboard; name = Base; path = Base.lproj/LaunchScreen.storyboard; sourceTree = "<group>"; };
		908044BD219D43DD0034A10A /* Info.plist */ = {isa = PBXFileReference; lastKnownFileType = text.plist.xml; path = Info.plist; sourceTree = "<group>"; };
		908044BE219D43DD0034A10A /* main.m */ = {isa = PBXFileReference; lastKnownFileType = sourcecode.c.objc; path = main.m; sourceTree = "<group>"; };
		908044C4219D43DD0034A10A /* iosAppTests.xctest */ = {isa = PBXFileReference; explicitFileType = wrapper.cfbundle; includeInIndex = 0; path = iosAppTests.xctest; sourceTree = BUILT_PRODUCTS_DIR; };
		908044C8219D43DD0034A10A /* iosAppTests.m */ = {isa = PBXFileReference; lastKnownFileType = sourcecode.c.objc; path = iosAppTests.m; sourceTree = "<group>"; };
		908044CA219D43DD0034A10A /* Info.plist */ = {isa = PBXFileReference; lastKnownFileType = text.plist.xml; path = Info.plist; sourceTree = "<group>"; };
		908044CF219D43DD0034A10A /* iosAppUITests.xctest */ = {isa = PBXFileReference; explicitFileType = wrapper.cfbundle; includeInIndex = 0; path = iosAppUITests.xctest; sourceTree = BUILT_PRODUCTS_DIR; };
		908044D3219D43DD0034A10A /* iosAppUITests.m */ = {isa = PBXFileReference; lastKnownFileType = sourcecode.c.objc; path = iosAppUITests.m; sourceTree = "<group>"; };
		908044D5219D43DD0034A10A /* Info.plist */ = {isa = PBXFileReference; lastKnownFileType = text.plist.xml; path = Info.plist; sourceTree = "<group>"; };
/* End PBXFileReference section */

/* Begin PBXFrameworksBuildPhase section */
		908044A9219D43D80034A10A /* Frameworks */ = {
			isa = PBXFrameworksBuildPhase;
			buildActionMask = 2147483647;
			files = (
			);
			runOnlyForDeploymentPostprocessing = 0;
		};
		908044C1219D43DD0034A10A /* Frameworks */ = {
			isa = PBXFrameworksBuildPhase;
			buildActionMask = 2147483647;
			files = (
			);
			runOnlyForDeploymentPostprocessing = 0;
		};
		908044CC219D43DD0034A10A /* Frameworks */ = {
			isa = PBXFrameworksBuildPhase;
			buildActionMask = 2147483647;
			files = (
			);
			runOnlyForDeploymentPostprocessing = 0;
		};
/* End PBXFrameworksBuildPhase section */

/* Begin PBXGroup section */
		908044A3219D43D80034A10A = {
			isa = PBXGroup;
			children = (
				908044AE219D43D80034A10A /* iosApp */,
				908044C7219D43DD0034A10A /* iosAppTests */,
				908044D2219D43DD0034A10A /* iosAppUITests */,
				908044AD219D43D80034A10A /* Products */,
			);
			sourceTree = "<group>";
		};
		908044AD219D43D80034A10A /* Products */ = {
			isa = PBXGroup;
			children = (
				908044AC219D43D80034A10A /* iosApp.app */,
				908044C4219D43DD0034A10A /* iosAppTests.xctest */,
				908044CF219D43DD0034A10A /* iosAppUITests.xctest */,
			);
			name = Products;
			sourceTree = "<group>";
		};
		908044AE219D43D80034A10A /* iosApp */ = {
			isa = PBXGroup;
			children = (
				908044AF219D43D80034A10A /* AppDelegate.h */,
				908044B0219D43D80034A10A /* AppDelegate.m */,
				908044B2219D43D80034A10A /* ViewController.h */,
				908044B3219D43D80034A10A /* ViewController.m */,
				908044B5219D43D80034A10A /* Main.storyboard */,
				908044B8219D43DD0034A10A /* Assets.xcassets */,
				908044BA219D43DD0034A10A /* LaunchScreen.storyboard */,
				908044BD219D43DD0034A10A /* Info.plist */,
				908044BE219D43DD0034A10A /* main.m */,
			);
			path = iosApp;
			sourceTree = "<group>";
		};
		908044C7219D43DD0034A10A /* iosAppTests */ = {
			isa = PBXGroup;
			children = (
				908044C8219D43DD0034A10A /* iosAppTests.m */,
				908044CA219D43DD0034A10A /* Info.plist */,
			);
			path = iosAppTests;
			sourceTree = "<group>";
		};
		908044D2219D43DD0034A10A /* iosAppUITests */ = {
			isa = PBXGroup;
			children = (
				908044D3219D43DD0034A10A /* iosAppUITests.m */,
				908044D5219D43DD0034A10A /* Info.plist */,
			);
			path = iosAppUITests;
			sourceTree = "<group>";
		};
/* End PBXGroup section */

/* Begin PBXNativeTarget section */
		908044AB219D43D80034A10A /* iosApp */ = {
			isa = PBXNativeTarget;
			buildConfigurationList = 908044D8219D43DD0034A10A /* Build configuration list for PBXNativeTarget "iosApp" */;
			buildPhases = (
				908044A8219D43D80034A10A /* Sources */,
				908044A9219D43D80034A10A /* Frameworks */,
				908044AA219D43D80034A10A /* Resources */,
			);
			buildRules = (
			);
			dependencies = (
			);
			name = iosApp;
			productName = iosApp;
			productReference = 908044AC219D43D80034A10A /* iosApp.app */;
			productType = "com.apple.product-type.application";
		};
		908044C3219D43DD0034A10A /* iosAppTests */ = {
			isa = PBXNativeTarget;
			buildConfigurationList = 908044DB219D43DD0034A10A /* Build configuration list for PBXNativeTarget "iosAppTests" */;
			buildPhases = (
				908044C0219D43DD0034A10A /* Sources */,
				908044C1219D43DD0034A10A /* Frameworks */,
				908044C2219D43DD0034A10A /* Resources */,
			);
			buildRules = (
			);
			dependencies = (
				908044C6219D43DD0034A10A /* PBXTargetDependency */,
			);
			name = iosAppTests;
			productName = iosAppTests;
			productReference = 908044C4219D43DD0034A10A /* iosAppTests.xctest */;
			productType = "com.apple.product-type.bundle.unit-test";
		};
		908044CE219D43DD0034A10A /* iosAppUITests */ = {
			isa = PBXNativeTarget;
			buildConfigurationList = 908044DE219D43DD0034A10A /* Build configuration list for PBXNativeTarget "iosAppUITests" */;
			buildPhases = (
				908044CB219D43DD0034A10A /* Sources */,
				908044CC219D43DD0034A10A /* Frameworks */,
				908044CD219D43DD0034A10A /* Resources */,
			);
			buildRules = (
			);
			dependencies = (
				908044D1219D43DD0034A10A /* PBXTargetDependency */,
			);
			name = iosAppUITests;
			productName = iosAppUITests;
			productReference = 908044CF219D43DD0034A10A /* iosAppUITests.xctest */;
			productType = "com.apple.product-type.bundle.ui-testing";
		};
/* End PBXNativeTarget section */

/* Begin PBXProject section */
		908044A4219D43D80034A10A /* Project object */ = {
			isa = PBXProject;
			attributes = {
				LastUpgradeCheck = 0940;
				ORGANIZATIONNAME = com.zhihundaohe.abc;
				TargetAttributes = {
					908044AB219D43D80034A10A = {
						CreatedOnToolsVersion = 9.4.1;
					};
					908044C3219D43DD0034A10A = {
						CreatedOnToolsVersion = 9.4.1;
						TestTargetID = 908044AB219D43D80034A10A;
					};
					908044CE219D43DD0034A10A = {
						CreatedOnToolsVersion = 9.4.1;
						TestTargetID = 908044AB219D43D80034A10A;
					};
				};
			};
			buildConfigurationList = 908044A7219D43D80034A10A /* Build configuration list for PBXProject "iosApp" */;
			compatibilityVersion = "Xcode 9.3";
			developmentRegion = en;
			hasScannedForEncodings = 0;
			knownRegions = (
				en,
				Base,
			);
			mainGroup = 908044A3219D43D80034A10A;
			productRefGroup = 908044AD219D43D80034A10A /* Products */;
			projectDirPath = "";
			projectRoot = "";
			targets = (
				908044AB219D43D80034A10A /* iosApp */,
				908044C3219D43DD0034A10A /* iosAppTests */,
				908044CE219D43DD0034A10A /* iosAppUITests */,
			);
		};
/* End PBXProject section */

/* Begin PBXResourcesBuildPhase section */
		908044AA219D43D80034A10A /* Resources */ = {
			isa = PBXResourcesBuildPhase;
			buildActionMask = 2147483647;
			files = (
				908044BC219D43DD0034A10A /* LaunchScreen.storyboard in Resources */,
				908044B9219D43DD0034A10A /* Assets.xcassets in Resources */,
				908044B7219D43D80034A10A /* Main.storyboard in Resources */,
			);
			runOnlyForDeploymentPostprocessing = 0;
		};
		908044C2219D43DD0034A10A /* Resources */ = {
			isa = PBXResourcesBuildPhase;
			buildActionMask = 2147483647;
			files = (
			);
			runOnlyForDeploymentPostprocessing = 0;
		};
		908044CD219D43DD0034A10A /* Resources */ = {
			isa = PBXResourcesBuildPhase;
			buildActionMask = 2147483647;
			files = (
			);
			runOnlyForDeploymentPostprocessing = 0;
		};
/* End PBXResourcesBuildPhase section */

/* Begin PBXSourcesBuildPhase section */
		908044A8219D43D80034A10A /* Sources */ = {
			isa = PBXSourcesBuildPhase;
			buildActionMask = 2147483647;
			files = (
				908044B4219D43D80034A10A /* ViewController.m in Sources */,
				908044BF219D43DD0034A10A /* main.m in Sources */,
				908044B1219D43D80034A10A /* AppDelegate.m in Sources */,
			);
			runOnlyForDeploymentPostprocessing = 0;
		};
		908044C0219D43DD0034A10A /* Sources */ = {
			isa = PBXSourcesBuildPhase;
			buildActionMask = 2147483647;
			files = (
				908044C9219D43DD0034A10A /* iosAppTests.m in Sources */,
			);
			runOnlyForDeploymentPostprocessing = 0;
		};
		908044CB219D43DD0034A10A /* Sources */ = {
			isa = PBXSourcesBuildPhase;
			buildActionMask = 2147483647;
			files = (
				908044D4219D43DD0034A10A /* iosAppUITests.m in Sources */,
			);
			runOnlyForDeploymentPostprocessing = 0;
		};
/* End PBXSourcesBuildPhase section */

/* Begin PBXTargetDependency section */
		908044C6219D43DD0034A10A /* PBXTargetDependency */ = {
			isa = PBXTargetDependency;
			target = 908044AB219D43D80034A10A /* iosApp */;
			targetProxy = 908044C5219D43DD0034A10A /* PBXContainerItemProxy */;
		};
		908044D1219D43DD0034A10A /* PBXTargetDependency */ = {
			isa = PBXTargetDependency;
			target = 908044AB219D43D80034A10A /* iosApp */;
			targetProxy = 908044D0219D43DD0034A10A /* PBXContainerItemProxy */;
		};
/* End PBXTargetDependency section */

/* Begin PBXVariantGroup section */
		908044B5219D43D80034A10A /* Main.storyboard */ = {
			isa = PBXVariantGroup;
			children = (
				908044B6219D43D80034A10A /* Base */,
			);
			name = Main.storyboard;
			sourceTree = "<group>";
		};
		908044BA219D43DD0034A10A /* LaunchScreen.storyboard */ = {
			isa = PBXVariantGroup;
			children = (
				908044BB219D43DD0034A10A /* Base */,
			);
			name = LaunchScreen.storyboard;
			sourceTree = "<group>";
		};
/* End PBXVariantGroup section */

/* Begin XCBuildConfiguration section */
		908044D6219D43DD0034A10A /* Debug */ = {
			isa = XCBuildConfiguration;
			buildSettings = {
				ALWAYS_SEARCH_USER_PATHS = NO;
				CLANG_ANALYZER_NONNULL = YES;
				CLANG_ANALYZER_NUMBER_OBJECT_CONVERSION = YES_AGGRESSIVE;
				CLANG_CXX_LANGUAGE_STANDARD = "gnu++14";
				CLANG_CXX_LIBRARY = "libc++";
				CLANG_ENABLE_MODULES = YES;
				CLANG_ENABLE_OBJC_ARC = YES;
				CLANG_ENABLE_OBJC_WEAK = YES;
				CLANG_WARN_BLOCK_CAPTURE_AUTORELEASING = YES;
				CLANG_WARN_BOOL_CONVERSION = YES;
				CLANG_WARN_COMMA = YES;
				CLANG_WARN_CONSTANT_CONVERSION = YES;
				CLANG_WARN_DEPRECATED_OBJC_IMPLEMENTATIONS = YES;
				CLANG_WARN_DIRECT_OBJC_ISA_USAGE = YES_ERROR;
				CLANG_WARN_DOCUMENTATION_COMMENTS = YES;
				CLANG_WARN_EMPTY_BODY = YES;
				CLANG_WARN_ENUM_CONVERSION = YES;
				CLANG_WARN_INFINITE_RECURSION = YES;
				CLANG_WARN_INT_CONVERSION = YES;
				CLANG_WARN_NON_LITERAL_NULL_CONVERSION = YES;
				CLANG_WARN_OBJC_IMPLICIT_RETAIN_SELF = YES;
				CLANG_WARN_OBJC_LITERAL_CONVERSION = YES;
				CLANG_WARN_OBJC_ROOT_CLASS = YES_ERROR;
				CLANG_WARN_RANGE_LOOP_ANALYSIS = YES;
				CLANG_WARN_STRICT_PROTOTYPES = YES;
				CLANG_WARN_SUSPICIOUS_MOVE = YES;
				CLANG_WARN_UNGUARDED_AVAILABILITY = YES_AGGRESSIVE;
				CLANG_WARN_UNREACHABLE_CODE = YES;
				CLANG_WARN__DUPLICATE_METHOD_MATCH = YES;
				CODE_SIGN_IDENTITY = "iPhone Developer";
				COPY_PHASE_STRIP = NO;
				DEBUG_INFORMATION_FORMAT = dwarf;
				ENABLE_STRICT_OBJC_MSGSEND = YES;
				ENABLE_TESTABILITY = YES;
				GCC_C_LANGUAGE_STANDARD = gnu11;
				GCC_DYNAMIC_NO_PIC = NO;
				GCC_NO_COMMON_BLOCKS = YES;
				GCC_OPTIMIZATION_LEVEL = 0;
				GCC_PREPROCESSOR_DEFINITIONS = (
					"DEBUG=1",
					"$(inherited)",
				);
				GCC_WARN_64_TO_32_BIT_CONVERSION = YES;
				GCC_WARN_ABOUT_RETURN_TYPE = YES_ERROR;
				GCC_WARN_UNDECLARED_SELECTOR = YES;
				GCC_WARN_UNINITIALIZED_AUTOS = YES_AGGRESSIVE;
				GCC_WARN_UNUSED_FUNCTION = YES;
				GCC_WARN_UNUSED_VARIABLE = YES;
				IPHONEOS_DEPLOYMENT_TARGET = 11.4;
				MTL_ENABLE_DEBUG_INFO = YES;
				ONLY_ACTIVE_ARCH = YES;
				SDKROOT = iphoneos;
			};
			name = Debug;
		};
		908044D7219D43DD0034A10A /* Release */ = {
			isa = XCBuildConfiguration;
			buildSettings = {
				ALWAYS_SEARCH_USER_PATHS = NO;
				CLANG_ANALYZER_NONNULL = YES;
				CLANG_ANALYZER_NUMBER_OBJECT_CONVERSION = YES_AGGRESSIVE;
				CLANG_CXX_LANGUAGE_STANDARD = "gnu++14";
				CLANG_CXX_LIBRARY = "libc++";
				CLANG_ENABLE_MODULES = YES;
				CLANG_ENABLE_OBJC_ARC = YES;
				CLANG_ENABLE_OBJC_WEAK = YES;
				CLANG_WARN_BLOCK_CAPTURE_AUTORELEASING = YES;
				CLANG_WARN_BOOL_CONVERSION = YES;
				CLANG_WARN_COMMA = YES;
				CLANG_WARN_CONSTANT_CONVERSION = YES;
				CLANG_WARN_DEPRECATED_OBJC_IMPLEMENTATIONS = YES;
				CLANG_WARN_DIRECT_OBJC_ISA_USAGE = YES_ERROR;
				CLANG_WARN_DOCUMENTATION_COMMENTS = YES;
				CLANG_WARN_EMPTY_BODY = YES;
				CLANG_WARN_ENUM_CONVERSION = YES;
				CLANG_WARN_INFINITE_RECURSION = YES;
				CLANG_WARN_INT_CONVERSION = YES;
				CLANG_WARN_NON_LITERAL_NULL_CONVERSION = YES;
				CLANG_WARN_OBJC_IMPLICIT_RETAIN_SELF = YES;
				CLANG_WARN_OBJC_LITERAL_CONVERSION = YES;
				CLANG_WARN_OBJC_ROOT_CLASS = YES_ERROR;
				CLANG_WARN_RANGE_LOOP_ANALYSIS = YES;
				CLANG_WARN_STRICT_PROTOTYPES = YES;
				CLANG_WARN_SUSPICIOUS_MOVE = YES;
				CLANG_WARN_UNGUARDED_AVAILABILITY = YES_AGGRESSIVE;
				CLANG_WARN_UNREACHABLE_CODE = YES;
				CLANG_WARN__DUPLICATE_METHOD_MATCH = YES;
				CODE_SIGN_IDENTITY = "iPhone Developer";
				COPY_PHASE_STRIP = NO;
				DEBUG_INFORMATION_FORMAT = "dwarf-with-dsym";
				ENABLE_NS_ASSERTIONS = NO;
				ENABLE_STRICT_OBJC_MSGSEND = YES;
				GCC_C_LANGUAGE_STANDARD = gnu11;
				GCC_NO_COMMON_BLOCKS = YES;
				GCC_WARN_64_TO_32_BIT_CONVERSION = YES;
				GCC_WARN_ABOUT_RETURN_TYPE = YES_ERROR;
				GCC_WARN_UNDECLARED_SELECTOR = YES;
				GCC_WARN_UNINITIALIZED_AUTOS = YES_AGGRESSIVE;
				GCC_WARN_UNUSED_FUNCTION = YES;
				GCC_WARN_UNUSED_VARIABLE = YES;
				IPHONEOS_DEPLOYMENT_TARGET = 11.4;
				MTL_ENABLE_DEBUG_INFO = NO;
				SDKROOT = iphoneos;
				VALIDATE_PRODUCT = YES;
			};
			name = Release;
		};
		908044D9219D43DD0034A10A /* Debug */ = {
			isa = XCBuildConfiguration;
			buildSettings = {
				ASSETCATALOG_COMPILER_APPICON_NAME = AppIcon;
				CODE_SIGN_STYLE = Automatic;
				DEVELOPMENT_TEAM = PHSNY7Y3VJ;
				INFOPLIST_FILE = iosApp/Info.plist;
				LD_RUNPATH_SEARCH_PATHS = (
					"$(inherited)",
					"@executable_path/Frameworks",
				);
				PRODUCT_BUNDLE_IDENTIFIER = com.zhihundaohe.iosApp;
				PRODUCT_NAME = "$(TARGET_NAME)";
				TARGETED_DEVICE_FAMILY = "1,2";
			};
			name = Debug;
		};
		908044DA219D43DD0034A10A /* Release */ = {
			isa = XCBuildConfiguration;
			buildSettings = {
				ASSETCATALOG_COMPILER_APPICON_NAME = AppIcon;
				CODE_SIGN_STYLE = Automatic;
				DEVELOPMENT_TEAM = PHSNY7Y3VJ;
				INFOPLIST_FILE = iosApp/Info.plist;
				LD_RUNPATH_SEARCH_PATHS = (
					"$(inherited)",
					"@executable_path/Frameworks",
				);
				PRODUCT_BUNDLE_IDENTIFIER = com.zhihundaohe.iosApp;
				PRODUCT_NAME = "$(TARGET_NAME)";
				TARGETED_DEVICE_FAMILY = "1,2";
			};
			name = Release;
		};
		908044DC219D43DD0034A10A /* Debug */ = {
			isa = XCBuildConfiguration;
			buildSettings = {
				BUNDLE_LOADER = "$(TEST_HOST)";
				CODE_SIGN_STYLE = Automatic;
				DEVELOPMENT_TEAM = PHSNY7Y3VJ;
				INFOPLIST_FILE = iosAppTests/Info.plist;
				LD_RUNPATH_SEARCH_PATHS = (
					"$(inherited)",
					"@executable_path/Frameworks",
					"@loader_path/Frameworks",
				);
				PRODUCT_BUNDLE_IDENTIFIER = com.zhihundaohe.iosAppTests;
				PRODUCT_NAME = "$(TARGET_NAME)";
				TARGETED_DEVICE_FAMILY = "1,2";
				TEST_HOST = "$(BUILT_PRODUCTS_DIR)/iosApp.app/iosApp";
			};
			name = Debug;
		};
		908044DD219D43DD0034A10A /* Release */ = {
			isa = XCBuildConfiguration;
			buildSettings = {
				BUNDLE_LOADER = "$(TEST_HOST)";
				CODE_SIGN_STYLE = Automatic;
				DEVELOPMENT_TEAM = PHSNY7Y3VJ;
				INFOPLIST_FILE = iosAppTests/Info.plist;
				LD_RUNPATH_SEARCH_PATHS = (
					"$(inherited)",
					"@executable_path/Frameworks",
					"@loader_path/Frameworks",
				);
				PRODUCT_BUNDLE_IDENTIFIER = com.zhihundaohe.iosAppTests;
				PRODUCT_NAME = "$(TARGET_NAME)";
				TARGETED_DEVICE_FAMILY = "1,2";
				TEST_HOST = "$(BUILT_PRODUCTS_DIR)/iosApp.app/iosApp";
			};
			name = Release;
		};
		908044DF219D43DD0034A10A /* Debug */ = {
			isa = XCBuildConfiguration;
			buildSettings = {
				CODE_SIGN_STYLE = Automatic;
				DEVELOPMENT_TEAM = PHSNY7Y3VJ;
				INFOPLIST_FILE = iosAppUITests/Info.plist;
				LD_RUNPATH_SEARCH_PATHS = (
					"$(inherited)",
					"@executable_path/Frameworks",
					"@loader_path/Frameworks",
				);
				PRODUCT_BUNDLE_IDENTIFIER = com.zhihundaohe.iosAppUITests;
				PRODUCT_NAME = "$(TARGET_NAME)";
				TARGETED_DEVICE_FAMILY = "1,2";
				TEST_TARGET_NAME = iosApp;
			};
			name = Debug;
		};
		908044E0219D43DD0034A10A /* Release */ = {
			isa = XCBuildConfiguration;
			buildSettings = {
				CODE_SIGN_STYLE = Automatic;
				DEVELOPMENT_TEAM = PHSNY7Y3VJ;
				INFOPLIST_FILE = iosAppUITests/Info.plist;
				LD_RUNPATH_SEARCH_PATHS = (
					"$(inherited)",
					"@executable_path/Frameworks",
					"@loader_path/Frameworks",
				);
				PRODUCT_BUNDLE_IDENTIFIER = com.zhihundaohe.iosAppUITests;
				PRODUCT_NAME = "$(TARGET_NAME)";
				TARGETED_DEVICE_FAMILY = "1,2";
				TEST_TARGET_NAME = iosApp;
			};
			name = Release;
		};
/* End XCBuildConfiguration section */

/* Begin XCConfigurationList section */
		908044A7219D43D80034A10A /* Build configuration list for PBXProject "iosApp" */ = {
			isa = XCConfigurationList;
			buildConfigurations = (
				908044D6219D43DD0034A10A /* Debug */,
				908044D7219D43DD0034A10A /* Release */,
			);
			defaultConfigurationIsVisible = 0;
			defaultConfigurationName = Release;
		};
		908044D8219D43DD0034A10A /* Build configuration list for PBXNativeTarget "iosApp" */ = {
			isa = XCConfigurationList;
			buildConfigurations = (
				908044D9219D43DD0034A10A /* Debug */,
				908044DA219D43DD0034A10A /* Release */,
			);
			defaultConfigurationIsVisible = 0;
			defaultConfigurationName = Release;
		};
		908044DB219D43DD0034A10A /* Build configuration list for PBXNativeTarget "iosAppTests" */ = {
			isa = XCConfigurationList;
			buildConfigurations = (
				908044DC219D43DD0034A10A /* Debug */,
				908044DD219D43DD0034A10A /* Release */,
			);
			defaultConfigurationIsVisible = 0;
			defaultConfigurationName = Release;
		};
		908044DE219D43DD0034A10A /* Build configuration list for PBXNativeTarget "iosAppUITests" */ = {
			isa = XCConfigurationList;
			buildConfigurations = (
				908044DF219D43DD0034A10A /* Debug */,
				908044E0219D43DD0034A10A /* Release */,
			);
			defaultConfigurationIsVisible = 0;
			defaultConfigurationName = Release;
		};
/* End XCConfigurationList section */
	};
	rootObject = 908044A4219D43D80034A10A /* Project object */;
}
